// !$*UTF8*$!
{
	archiveVersion = 1;
	classes = {
	};
	objectVersion = 50;
	objects = {

/* Begin PBXBuildFile section */
		2A2CF15925E1022800C761CC /* AppDelegate.swift in Sources */ = {isa = PBXBuildFile; fileRef = 2A2CF15825E1022800C761CC /* AppDelegate.swift */; };
		2A2CF15B25E1022800C761CC /* SceneDelegate.swift in Sources */ = {isa = PBXBuildFile; fileRef = 2A2CF15A25E1022800C761CC /* SceneDelegate.swift */; };
		2A2CF15D25E1022800C761CC /* ViewController.swift in Sources */ = {isa = PBXBuildFile; fileRef = 2A2CF15C25E1022800C761CC /* ViewController.swift */; };
		2A2CF16025E1022800C761CC /* Main.storyboard in Resources */ = {isa = PBXBuildFile; fileRef = 2A2CF15E25E1022800C761CC /* Main.storyboard */; };
		2A2CF16325E1022800C761CC /* GilsMemo.xcdatamodeld in Sources */ = {isa = PBXBuildFile; fileRef = 2A2CF16125E1022800C761CC /* GilsMemo.xcdatamodeld */; };
		2A2CF16525E1022900C761CC /* Assets.xcassets in Resources */ = {isa = PBXBuildFile; fileRef = 2A2CF16425E1022900C761CC /* Assets.xcassets */; };
		2A2CF16825E1022900C761CC /* LaunchScreen.storyboard in Resources */ = {isa = PBXBuildFile; fileRef = 2A2CF16625E1022900C761CC /* LaunchScreen.storyboard */; };
/* End PBXBuildFile section */

/* Begin PBXFileReference section */
		2A2CF15525E1022800C761CC /* GilsMemo.app */ = {isa = PBXFileReference; explicitFileType = wrapper.application; includeInIndex = 0; path = GilsMemo.app; sourceTree = BUILT_PRODUCTS_DIR; };
		2A2CF15825E1022800C761CC /* AppDelegate.swift */ = {isa = PBXFileReference; lastKnownFileType = sourcecode.swift; path = AppDelegate.swift; sourceTree = "<group>"; };
		2A2CF15A25E1022800C761CC /* SceneDelegate.swift */ = {isa = PBXFileReference; lastKnownFileType = sourcecode.swift; path = SceneDelegate.swift; sourceTree = "<group>"; };
		2A2CF15C25E1022800C761CC /* ViewController.swift */ = {isa = PBXFileReference; lastKnownFileType = sourcecode.swift; path = ViewController.swift; sourceTree = "<group>"; };
		2A2CF15F25E1022800C761CC /* Base */ = {isa = PBXFileReference; lastKnownFileType = file.storyboard; name = Base; path = Base.lproj/Main.storyboard; sourceTree = "<group>"; };
		2A2CF16225E1022800C761CC /* GilsMemo.xcdatamodel */ = {isa = PBXFileReference; lastKnownFileType = wrapper.xcdatamodel; path = GilsMemo.xcdatamodel; sourceTree = "<group>"; };
		2A2CF16425E1022900C761CC /* Assets.xcassets */ = {isa = PBXFileReference; lastKnownFileType = folder.assetcatalog; path = Assets.xcassets; sourceTree = "<group>"; };
		2A2CF16725E1022900C761CC /* Base */ = {isa = PBXFileReference; lastKnownFileType = file.storyboard; name = Base; path = Base.lproj/LaunchScreen.storyboard; sourceTree = "<group>"; };
		2A2CF16925E1022900C761CC /* Info.plist */ = {isa = PBXFileReference; lastKnownFileType = text.plist.xml; path = Info.plist; sourceTree = "<group>"; };
/* End PBXFileReference section */

/* Begin PBXFrameworksBuildPhase section */
		2A2CF15225E1022800C761CC /* Frameworks */ = {
			isa = PBXFrameworksBuildPhase;
			buildActionMask = 2147483647;
			files = (
			);
			runOnlyForDeploymentPostprocessing = 0;
		};
/* End PBXFrameworksBuildPhase section */

/* Begin PBXGroup section */
		2A2CF14C25E1022800C761CC = {
			isa = PBXGroup;
			children = (
				2A2CF15725E1022800C761CC /* GilsMemo */,
				2A2CF15625E1022800C761CC /* Products */,
			);
			sourceTree = "<group>";
		};
		2A2CF15625E1022800C761CC /* Products */ = {
			isa = PBXGroup;
			children = (
				2A2CF15525E1022800C761CC /* GilsMemo.app */,
			);
			name = Products;
			sourceTree = "<group>";
		};
		2A2CF15725E1022800C761CC /* GilsMemo */ = {
			isa = PBXGroup;
			children = (
				2A2CF15825E1022800C761CC /* AppDelegate.swift */,
				2A2CF15A25E1022800C761CC /* SceneDelegate.swift */,
				2A2CF15C25E1022800C761CC /* ViewController.swift */,
				2A2CF15E25E1022800C761CC /* Main.storyboard */,
				2A2CF16425E1022900C761CC /* Assets.xcassets */,
				2A2CF16625E1022900C761CC /* LaunchScreen.storyboard */,
				2A2CF16925E1022900C761CC /* Info.plist */,
				2A2CF16125E1022800C761CC /* GilsMemo.xcdatamodeld */,
			);
			path = GilsMemo;
			sourceTree = "<group>";
		};
/* End PBXGroup section */

/* Begin PBXNativeTarget section */
		2A2CF15425E1022800C761CC /* GilsMemo */ = {
			isa = PBXNativeTarget;
			buildConfigurationList = 2A2CF16C25E1022900C761CC /* Build configuration list for PBXNativeTarget "GilsMemo" */;
			buildPhases = (
				2A2CF15125E1022800C761CC /* Sources */,
				2A2CF15225E1022800C761CC /* Frameworks */,
				2A2CF15325E1022800C761CC /* Resources */,
			);
			buildRules = (
			);
			dependencies = (
			);
			name = GilsMemo;
			productName = GilsMemo;
			productReference = 2A2CF15525E1022800C761CC /* GilsMemo.app */;
			productType = "com.apple.product-type.application";
		};
/* End PBXNativeTarget section */

/* Begin PBXProject section */
		2A2CF14D25E1022800C761CC /* Project object */ = {
			isa = PBXProject;
			attributes = {
				LastSwiftUpdateCheck = 1240;
				LastUpgradeCheck = 1240;
				TargetAttributes = {
					2A2CF15425E1022800C761CC = {
						CreatedOnToolsVersion = 12.4;
					};
				};
			};
			buildConfigurationList = 2A2CF15025E1022800C761CC /* Build configuration list for PBXProject "GilsMemo" */;
			compatibilityVersion = "Xcode 9.3";
			developmentRegion = en;
			hasScannedForEncodings = 0;
			knownRegions = (
				en,
				Base,
			);
			mainGroup = 2A2CF14C25E1022800C761CC;
			productRefGroup = 2A2CF15625E1022800C761CC /* Products */;
			projectDirPath = "";
			projectRoot = "";
			targets = (
				2A2CF15425E1022800C761CC /* GilsMemo */,
			);
		};
/* End PBXProject section */

/* Begin PBXResourcesBuildPhase section */
		2A2CF15325E1022800C761CC /* Resources */ = {
			isa = PBXResourcesBuildPhase;
			buildActionMask = 2147483647;
			files = (
				2A2CF16825E1022900C761CC /* LaunchScreen.storyboard in Resources */,
				2A2CF16525E1022900C761CC /* Assets.xcassets in Resources */,
				2A2CF16025E1022800C761CC /* Main.storyboard in Resources */,
			);
			runOnlyForDeploymentPostprocessing = 0;
		};
/* End PBXResourcesBuildPhase section */

/* Begin PBXSourcesBuildPhase section */
		2A2CF15125E1022800C761CC /* Sources */ = {
			isa = PBXSourcesBuildPhase;
			buildActionMask = 2147483647;
			files = (
				2A2CF15D25E1022800C761CC /* ViewController.swift in Sources */,
				2A2CF15925E1022800C761CC /* AppDelegate.swift in Sources */,
				2A2CF16325E1022800C761CC /* GilsMemo.xcdatamodeld in Sources */,
				2A2CF15B25E1022800C761CC /* SceneDelegate.swift in Sources */,
			);
			runOnlyForDeploymentPostprocessing = 0;
		};
/* End PBXSourcesBuildPhase section */

/* Begin PBXVariantGroup section */
		2A2CF15E25E1022800C761CC /* Main.storyboard */ = {
			isa = PBXVariantGroup;
			children = (
				2A2CF15F25E1022800C761CC /* Base */,
			);
			name = Main.storyboard;
			sourceTree = "<group>";
		};
		2A2CF16625E1022900C761CC /* LaunchScreen.storyboard */ = {
			isa = PBXVariantGroup;
			children = (
				2A2CF16725E1022900C761CC /* Base */,
			);
			name = LaunchScreen.storyboard;
			sourceTree = "<group>";
		};
/* End PBXVariantGroup section */

/* Begin XCBuildConfiguration section */
		2A2CF16A25E1022900C761CC /* Debug */ = {
			isa = XCBuildConfiguration;
			buildSettings = {
				ALWAYS_SEARCH_USER_PATHS = NO;
				CLANG_ANALYZER_NONNULL = YES;
				CLANG_ANALYZER_NUMBER_OBJECT_CONVERSION = YES_AGGRESSIVE;
				CLANG_CXX_LANGUAGE_STANDARD = "gnu++14";
				CLANG_CXX_LIBRARY = "libc++";
				CLANG_ENABLE_MODULES = YES;
				CLANG_ENABLE_OBJC_ARC = YES;
				CLANG_ENABLE_OBJC_WEAK = YES;
				CLANG_WARN_BLOCK_CAPTURE_AUTORELEASING = YES;
				CLANG_WARN_BOOL_CONVERSION = YES;
				CLANG_WARN_COMMA = YES;
				CLANG_WARN_CONSTANT_CONVERSION = YES;
				CLANG_WARN_DEPRECATED_OBJC_IMPLEMENTATIONS = YES;
				CLANG_WARN_DIRECT_OBJC_ISA_USAGE = YES_ERROR;
				CLANG_WARN_DOCUMENTATION_COMMENTS = YES;
				CLANG_WARN_EMPTY_BODY = YES;
				CLANG_WARN_ENUM_CONVERSION = YES;
				CLANG_WARN_INFINITE_RECURSION = YES;
				CLANG_WARN_INT_CONVERSION = YES;
				CLANG_WARN_NON_LITERAL_NULL_CONVERSION = YES;
				CLANG_WARN_OBJC_IMPLICIT_RETAIN_SELF = YES;
				CLANG_WARN_OBJC_LITERAL_CONVERSION = YES;
				CLANG_WARN_OBJC_ROOT_CLASS = YES_ERROR;
				CLANG_WARN_QUOTED_INCLUDE_IN_FRAMEWORK_HEADER = YES;
				CLANG_WARN_RANGE_LOOP_ANALYSIS = YES;
				CLANG_WARN_STRICT_PROTOTYPES = YES;
				CLANG_WARN_SUSPICIOUS_MOVE = YES;
				CLANG_WARN_UNGUARDED_AVAILABILITY = YES_AGGRESSIVE;
				CLANG_WARN_UNREACHABLE_CODE = YES;
				CLANG_WARN__DUPLICATE_METHOD_MATCH = YES;
				COPY_PHASE_STRIP = NO;
				DEBUG_INFORMATION_FORMAT = dwarf;
				ENABLE_STRICT_OBJC_MSGSEND = YES;
				ENABLE_TESTABILITY = YES;
				GCC_C_LANGUAGE_STANDARD = gnu11;
				GCC_DYNAMIC_NO_PIC = NO;
				GCC_NO_COMMON_BLOCKS = YES;
				GCC_OPTIMIZATION_LEVEL = 0;
				GCC_PREPROCESSOR_DEFINITIONS = (
					"DEBUG=1",
					"$(inherited)",
				);
				GCC_WARN_64_TO_32_BIT_CONVERSION = YES;
				GCC_WARN_ABOUT_RETURN_TYPE = YES_ERROR;
				GCC_WARN_UNDECLARED_SELECTOR = YES;
				GCC_WARN_UNINITIALIZED_AUTOS = YES_AGGRESSIVE;
				GCC_WARN_UNUSED_FUNCTION = YES;
				GCC_WARN_UNUSED_VARIABLE = YES;
				IPHONEOS_DEPLOYMENT_TARGET = 14.4;
				MTL_ENABLE_DEBUG_INFO = INCLUDE_SOURCE;
				MTL_FAST_MATH = YES;
				ONLY_ACTIVE_ARCH = YES;
				SDKROOT = iphoneos;
				SWIFT_ACTIVE_COMPILATION_CONDITIONS = DEBUG;
				SWIFT_OPTIMIZATION_LEVEL = "-Onone";
			};
			name = Debug;
		};
		2A2CF16B25E1022900C761CC /* Release */ = {
			isa = XCBuildConfiguration;
			buildSettings = {
				ALWAYS_SEARCH_USER_PATHS = NO;
				CLANG_ANALYZER_NONNULL = YES;
				CLANG_ANALYZER_NUMBER_OBJECT_CONVERSION = YES_AGGRESSIVE;
				CLANG_CXX_LANGUAGE_STANDARD = "gnu++14";
				CLANG_CXX_LIBRARY = "libc++";
				CLANG_ENABLE_MODULES = YES;
				CLANG_ENABLE_OBJC_ARC = YES;
				CLANG_ENABLE_OBJC_WEAK = YES;
				CLANG_WARN_BLOCK_CAPTURE_AUTORELEASING = YES;
				CLANG_WARN_BOOL_CONVERSION = YES;
				CLANG_WARN_COMMA = YES;
				CLANG_WARN_CONSTANT_CONVERSION = YES;
				CLANG_WARN_DEPRECATED_OBJC_IMPLEMENTATIONS = YES;
				CLANG_WARN_DIRECT_OBJC_ISA_USAGE = YES_ERROR;
				CLANG_WARN_DOCUMENTATION_COMMENTS = YES;
				CLANG_WARN_EMPTY_BODY = YES;
				CLANG_WARN_ENUM_CONVERSION = YES;
				CLANG_WARN_INFINITE_RECURSION = YES;
				CLANG_WARN_INT_CONVERSION = YES;
				CLANG_WARN_NON_LITERAL_NULL_CONVERSION = YES;
				CLANG_WARN_OBJC_IMPLICIT_RETAIN_SELF = YES;
				CLANG_WARN_OBJC_LITERAL_CONVERSION = YES;
				CLANG_WARN_OBJC_ROOT_CLASS = YES_ERROR;
				CLANG_WARN_QUOTED_INCLUDE_IN_FRAMEWORK_HEADER = YES;
				CLANG_WARN_RANGE_LOOP_ANALYSIS = YES;
				CLANG_WARN_STRICT_PROTOTYPES = YES;
				CLANG_WARN_SUSPICIOUS_MOVE = YES;
				CLANG_WARN_UNGUARDED_AVAILABILITY = YES_AGGRESSIVE;
				CLANG_WARN_UNREACHABLE_CODE = YES;
				CLANG_WARN__DUPLICATE_METHOD_MATCH = YES;
				COPY_PHASE_STRIP = NO;
				DEBUG_INFORMATION_FORMAT = "dwarf-with-dsym";
				ENABLE_NS_ASSERTIONS = NO;
				ENABLE_STRICT_OBJC_MSGSEND = YES;
				GCC_C_LANGUAGE_STANDARD = gnu11;
				GCC_NO_COMMON_BLOCKS = YES;
				GCC_WARN_64_TO_32_BIT_CONVERSION = YES;
				GCC_WARN_ABOUT_RETURN_TYPE = YES_ERROR;
				GCC_WARN_UNDECLARED_SELECTOR = YES;
				GCC_WARN_UNINITIALIZED_AUTOS = YES_AGGRESSIVE;
				GCC_WARN_UNUSED_FUNCTION = YES;
				GCC_WARN_UNUSED_VARIABLE = YES;
				IPHONEOS_DEPLOYMENT_TARGET = 14.4;
				MTL_ENABLE_DEBUG_INFO = NO;
				MTL_FAST_MATH = YES;
				SDKROOT = iphoneos;
				SWIFT_COMPILATION_MODE = wholemodule;
				SWIFT_OPTIMIZATION_LEVEL = "-O";
				VALIDATE_PRODUCT = YES;
			};
			name = Release;
		};
		2A2CF16D25E1022900C761CC /* Debug */ = {
			isa = XCBuildConfiguration;
			buildSettings = {
				ASSETCATALOG_COMPILER_APPICON_NAME = AppIcon;
				ASSETCATALOG_COMPILER_GLOBAL_ACCENT_COLOR_NAME = AccentColor;
				CODE_SIGN_STYLE = Automatic;
				DEVELOPMENT_TEAM = J937X62C5W;
				INFOPLIST_FILE = GilsMemo/Info.plist;
				LD_RUNPATH_SEARCH_PATHS = (
					"$(inherited)",
					"@executable_path/Frameworks",
				);
				PRODUCT_BUNDLE_IDENTIFIER = com.sunggil.GilsMemo;
				PRODUCT_NAME = "$(TARGET_NAME)";
				SWIFT_VERSION = 5.0;
				TARGETED_DEVICE_FAMILY = "1,2";
			};
			name = Debug;
		};
		2A2CF16E25E1022900C761CC /* Release */ = {
			isa = XCBuildConfiguration;
			buildSettings = {
				ASSETCATALOG_COMPILER_APPICON_NAME = AppIcon;
				ASSETCATALOG_COMPILER_GLOBAL_ACCENT_COLOR_NAME = AccentColor;
				CODE_SIGN_STYLE = Automatic;
				DEVELOPMENT_TEAM = J937X62C5W;
				INFOPLIST_FILE = GilsMemo/Info.plist;
				LD_RUNPATH_SEARCH_PATHS = (
					"$(inherited)",
					"@executable_path/Frameworks",
				);
				PRODUCT_BUNDLE_IDENTIFIER = com.sunggil.GilsMemo;
				PRODUCT_NAME = "$(TARGET_NAME)";
				SWIFT_VERSION = 5.0;
				TARGETED_DEVICE_FAMILY = "1,2";
			};
			name = Release;
		};
/* End XCBuildConfiguration section */

/* Begin XCConfigurationList section */
		2A2CF15025E1022800C761CC /* Build configuration list for PBXProject "GilsMemo" */ = {
			isa = XCConfigurationList;
			buildConfigurations = (
				2A2CF16A25E1022900C761CC /* Debug */,
				2A2CF16B25E1022900C761CC /* Release */,
			);
			defaultConfigurationIsVisible = 0;
			defaultConfigurationName = Release;
		};
		2A2CF16C25E1022900C761CC /* Build configuration list for PBXNativeTarget "GilsMemo" */ = {
			isa = XCConfigurationList;
			buildConfigurations = (
				2A2CF16D25E1022900C761CC /* Debug */,
				2A2CF16E25E1022900C761CC /* Release */,
			);
			defaultConfigurationIsVisible = 0;
			defaultConfigurationName = Release;
		};
/* End XCConfigurationList section */

/* Begin XCVersionGroup section */
		2A2CF16125E1022800C761CC /* GilsMemo.xcdatamodeld */ = {
			isa = XCVersionGroup;
			children = (
				2A2CF16225E1022800C761CC /* GilsMemo.xcdatamodel */,
			);
			currentVersion = 2A2CF16225E1022800C761CC /* GilsMemo.xcdatamodel */;
			path = GilsMemo.xcdatamodeld;
			sourceTree = "<group>";
			versionGroupType = wrapper.xcdatamodel;
		};
/* End XCVersionGroup section */
	};
	rootObject = 2A2CF14D25E1022800C761CC /* Project object */;
}
